// !$*UTF8*$!
{
	archiveVersion = 1;
	classes = {
	};
	objectVersion = 42;
	objects = {

/* Begin PBXAppleScriptBuildPhase section */
		257572C4072881A4000BE9CA /* AppleScript */ = {
			isa = PBXAppleScriptBuildPhase;
			buildActionMask = 2147483647;
			contextName = "";
			files = (
				257572C5072881A4000BE9CA /* iStream.applescript in AppleScript */,
				9D8BF1BE0E4416C6004FC47C /* busy.applescript in AppleScript */,
			);
			isSharedContext = 0;
			runOnlyForDeploymentPostprocessing = 0;
		};
/* End PBXAppleScriptBuildPhase section */

/* Begin PBXBuildFile section */
		257572C5072881A4000BE9CA /* iStream.applescript in AppleScript */ = {isa = PBXBuildFile; fileRef = DA206CF3015C4E8B03C91932 /* iStream.applescript */; settings = {ATTRIBUTES = (Debug, ); }; };
		257572C7072881A4000BE9CA /* MainMenu.nib in Resources */ = {isa = PBXBuildFile; fileRef = 29B97318FDCFA39411CA2CEA /* MainMenu.nib */; };
		257572C8072881A4000BE9CA /* InfoPlist.strings in Resources */ = {isa = PBXBuildFile; fileRef = 089C165CFE840E0CC02AAC07 /* InfoPlist.strings */; };
		257572CA072881A4000BE9CA /* main.m in Sources */ = {isa = PBXBuildFile; fileRef = 29B97316FDCFA39411CA2CEA /* main.m */; settings = {ATTRIBUTES = (); }; };
		257572CC072881A4000BE9CA /* Cocoa.framework in Frameworks */ = {isa = PBXBuildFile; fileRef = 1058C7A1FEA54F0111CA2CBB /* Cocoa.framework */; };
		257572CD072881A4000BE9CA /* AppleScriptKit.framework in Frameworks */ = {isa = PBXBuildFile; fileRef = DA206CF1015C4E2903C91932 /* AppleScriptKit.framework */; };
		9D06CFA20C405C26004AF843 /* acc2mp3.pl in Resources */ = {isa = PBXBuildFile; fileRef = 9D06CFA10C405C26004AF843 /* acc2mp3.pl */; };
		9D06D0590C415568004AF843 /* vrstream.icns in Resources */ = {isa = PBXBuildFile; fileRef = 9D06D0580C415568004AF843 /* vrstream.icns */; };
		9D15B0930E590255009D82A7 /* libltdl.3.dylib in Frameworks */ = {isa = PBXBuildFile; fileRef = 9D15B0920E590255009D82A7 /* libltdl.3.dylib */; settings = {ATTRIBUTES = (Weak, ); }; };
		9D5700F30C3AEF3100BBFF31 /* ffmpeg in Resources */ = {isa = PBXBuildFile; fileRef = 9D5700F20C3AEF3100BBFF31 /* ffmpeg */; };
		9D6C9C950E43E4D200C88260 /* decrypt in Resources */ = {isa = PBXBuildFile; fileRef = 9D6C9C940E43E4D200C88260 /* decrypt */; };
		9D7369510C40368C0027CFAC /* daisycopy.pl in Resources */ = {isa = PBXBuildFile; fileRef = 9D7369500C40368C0027CFAC /* daisycopy.pl */; };
		9D8BF1BE0E4416C6004FC47C /* busy.applescript in AppleScript */ = {isa = PBXBuildFile; fileRef = 9D8BF1BD0E4416C6004FC47C /* busy.applescript */; settings = {ATTRIBUTES = (Debug, ); }; };
		9D9D808C0E4BA49C00CED1B5 /* libsox.0.dylib in Frameworks */ = {isa = PBXBuildFile; fileRef = 9D9D808B0E4BA49C00CED1B5 /* libsox.0.dylib */; settings = {ATTRIBUTES = (Weak, ); }; };
		9DB705460C42C1F2007350CB /* istream.pdf in Resources */ = {isa = PBXBuildFile; fileRef = 9DB705450C42C1F2007350CB /* istream.pdf */; };
		9DB705A50C42C387007350CB /* istream in Resources */ = {isa = PBXBuildFile; fileRef = 9DB7058C0C42C387007350CB /* istream */; };
		9DE245340E567DD700D2C7F4 /* Info.plist in Resources */ = {isa = PBXBuildFile; fileRef = 257572D5072881A4000BE9CA /* Info.plist */; };
		9DF355000E454B0B00896600 /* sox in Resources */ = {isa = PBXBuildFile; fileRef = 9DF354FF0E454B0B00896600 /* sox */; };
/* End PBXBuildFile section */

/* Begin PBXFileReference section */
		089C165DFE840E0CC02AAC07 /* English */ = {isa = PBXFileReference; fileEncoding = 10; lastKnownFileType = text.plist.strings; name = English; path = English.lproj/InfoPlist.strings; sourceTree = "<group>"; };
		1058C7A1FEA54F0111CA2CBB /* Cocoa.framework */ = {isa = PBXFileReference; lastKnownFileType = wrapper.framework; name = Cocoa.framework; path = /System/Library/Frameworks/Cocoa.framework; sourceTree = "<absolute>"; };
		257572D5072881A4000BE9CA /* Info.plist */ = {isa = PBXFileReference; lastKnownFileType = text.xml; path = Info.plist; sourceTree = "<group>"; };
		257572D6072881A4000BE9CA /* iStream.app */ = {isa = PBXFileReference; explicitFileType = wrapper.application; includeInIndex = 0; path = iStream.app; sourceTree = BUILT_PRODUCTS_DIR; };
		29B97316FDCFA39411CA2CEA /* main.m */ = {isa = PBXFileReference; fileEncoding = 30; lastKnownFileType = sourcecode.c.objc; path = main.m; sourceTree = "<group>"; };
		29B97319FDCFA39411CA2CEA /* English */ = {isa = PBXFileReference; lastKnownFileType = wrapper.nib; name = English; path = English.lproj/MainMenu.nib; sourceTree = "<group>"; };
		29B97324FDCFA39411CA2CEA /* AppKit.framework */ = {isa = PBXFileReference; lastKnownFileType = wrapper.framework; name = AppKit.framework; path = /System/Library/Frameworks/AppKit.framework; sourceTree = "<absolute>"; };
		29B97325FDCFA39411CA2CEA /* Foundation.framework */ = {isa = PBXFileReference; lastKnownFileType = wrapper.framework; name = Foundation.framework; path = /System/Library/Frameworks/Foundation.framework; sourceTree = "<absolute>"; };
		65359356078DD41800E8BB2F /* AppleScriptKit.sdef */ = {isa = PBXFileReference; fileEncoding = 30; lastKnownFileType = text.sdef; name = AppleScriptKit.sdef; path = /System/Library/Frameworks/AppleScriptKit.framework/Versions/A/Resources/AppleScriptKit.sdef; sourceTree = "<absolute>"; };
		9D06CFA10C405C26004AF843 /* acc2mp3.pl */ = {isa = PBXFileReference; fileEncoding = 30; lastKnownFileType = text.script.perl; path = acc2mp3.pl; sourceTree = "<group>"; };
		9D06D0580C415568004AF843 /* vrstream.icns */ = {isa = PBXFileReference; lastKnownFileType = image.icns; path = vrstream.icns; sourceTree = "<group>"; };
		9D15B0920E590255009D82A7 /* libltdl.3.dylib */ = {isa = PBXFileReference; lastKnownFileType = "compiled.mach-o.dylib"; path = libltdl.3.dylib; sourceTree = "<group>"; };
		9D5700F20C3AEF3100BBFF31 /* ffmpeg */ = {isa = PBXFileReference; lastKnownFileType = "compiled.mach-o.executable"; path = ffmpeg; sourceTree = "<group>"; };
		9D6C9C940E43E4D200C88260 /* decrypt */ = {isa = PBXFileReference; lastKnownFileType = "compiled.mach-o.executable"; path = decrypt; sourceTree = "<group>"; };
		9D7369500C40368C0027CFAC /* daisycopy.pl */ = {isa = PBXFileReference; fileEncoding = 4; lastKnownFileType = text.script.perl; path = daisycopy.pl; sourceTree = "<group>"; };
		9D8BF1BD0E4416C6004FC47C /* busy.applescript */ = {isa = PBXFileReference; fileEncoding = 4; lastKnownFileType = sourcecode.applescript; path = busy.applescript; sourceTree = "<group>"; };
		9D9D808B0E4BA49C00CED1B5 /* libsox.0.dylib */ = {isa = PBXFileReference; lastKnownFileType = "compiled.mach-o.dylib"; path = libsox.0.dylib; sourceTree = "<group>"; };
		9DB705450C42C1F2007350CB /* istream.pdf */ = {isa = PBXFileReference; lastKnownFileType = image.pdf; path = istream.pdf; sourceTree = "<group>"; };
		9DB7058C0C42C387007350CB /* istream */ = {isa = PBXFileReference; lastKnownFileType = folder; path = istream; sourceTree = "<group>"; };
		9DF354FF0E454B0B00896600 /* sox */ = {isa = PBXFileReference; explicitFileType = "compiled.mach-o.executable"; path = sox; sourceTree = "<group>"; };
		DA206CF1015C4E2903C91932 /* AppleScriptKit.framework */ = {isa = PBXFileReference; lastKnownFileType = wrapper.framework; name = AppleScriptKit.framework; path = /System/Library/Frameworks/AppleScriptKit.framework; sourceTree = "<absolute>"; };
		DA206CF3015C4E8B03C91932 /* iStream.applescript */ = {isa = PBXFileReference; lastKnownFileType = sourcecode.applescript; path = iStream.applescript; sourceTree = "<group>"; };
/* End PBXFileReference section */

/* Begin PBXFrameworksBuildPhase section */
		257572CB072881A4000BE9CA /* Frameworks */ = {
			isa = PBXFrameworksBuildPhase;
			buildActionMask = 2147483647;
			files = (
				257572CC072881A4000BE9CA /* Cocoa.framework in Frameworks */,
				257572CD072881A4000BE9CA /* AppleScriptKit.framework in Frameworks */,
				9D9D808C0E4BA49C00CED1B5 /* libsox.0.dylib in Frameworks */,
				9D15B0930E590255009D82A7 /* libltdl.3.dylib in Frameworks */,
			);
			runOnlyForDeploymentPostprocessing = 0;
		};
/* End PBXFrameworksBuildPhase section */

/* Begin PBXGroup section */
		080E96DDFE201D6D7F000001 /* Scripts */ = {
			isa = PBXGroup;
			children = (
				9D8BF1BD0E4416C6004FC47C /* busy.applescript */,
				9D7369500C40368C0027CFAC /* daisycopy.pl */,
				9D06CFA10C405C26004AF843 /* acc2mp3.pl */,
				DA206CF3015C4E8B03C91932 /* iStream.applescript */,
			);
			name = Scripts;
			sourceTree = "<group>";
		};
		1058C7A0FEA54F0111CA2CBB /* Linked Frameworks */ = {
			isa = PBXGroup;
			children = (
				1058C7A1FEA54F0111CA2CBB /* Cocoa.framework */,
				DA206CF1015C4E2903C91932 /* AppleScriptKit.framework */,
			);
			name = "Linked Frameworks";
			sourceTree = "<group>";
		};
		1058C7A2FEA54F0111CA2CBB /* Other Frameworks */ = {
			isa = PBXGroup;
			children = (
				9D15B0920E590255009D82A7 /* libltdl.3.dylib */,
				9D9D808B0E4BA49C00CED1B5 /* libsox.0.dylib */,
				29B97325FDCFA39411CA2CEA /* Foundation.framework */,
				29B97324FDCFA39411CA2CEA /* AppKit.framework */,
			);
			name = "Other Frameworks";
			sourceTree = "<group>";
		};
		19C28FACFE9D520D11CA2CBB /* Products */ = {
			isa = PBXGroup;
			children = (
				257572D6072881A4000BE9CA /* iStream.app */,
			);
			name = Products;
			sourceTree = "<group>";
		};
		29B97314FDCFA39411CA2CEA /* iStream */ = {
			isa = PBXGroup;
			children = (
				9DB7058C0C42C387007350CB /* istream */,
				9DB705450C42C1F2007350CB /* istream.pdf */,
				080E96DDFE201D6D7F000001 /* Scripts */,
				29B97317FDCFA39411CA2CEA /* Resources */,
				29B97315FDCFA39411CA2CEA /* Other Sources */,
				29B97323FDCFA39411CA2CEA /* Frameworks */,
				19C28FACFE9D520D11CA2CBB /* Products */,
				257572D5072881A4000BE9CA /* Info.plist */,
			);
			name = iStream;
			sourceTree = "<group>";
		};
		29B97315FDCFA39411CA2CEA /* Other Sources */ = {
			isa = PBXGroup;
			children = (
				29B97316FDCFA39411CA2CEA /* main.m */,
			);
			name = "Other Sources";
			sourceTree = "<group>";
		};
		29B97317FDCFA39411CA2CEA /* Resources */ = {
			isa = PBXGroup;
			children = (
				9DF354FF0E454B0B00896600 /* sox */,
				9D6C9C940E43E4D200C88260 /* decrypt */,
				9D06D0580C415568004AF843 /* vrstream.icns */,
				9D5700F20C3AEF3100BBFF31 /* ffmpeg */,
				29B97318FDCFA39411CA2CEA /* MainMenu.nib */,
				089C165CFE840E0CC02AAC07 /* InfoPlist.strings */,
				65359356078DD41800E8BB2F /* AppleScriptKit.sdef */,
			);
			name = Resources;
			sourceTree = "<group>";
		};
		29B97323FDCFA39411CA2CEA /* Frameworks */ = {
			isa = PBXGroup;
			children = (
				1058C7A0FEA54F0111CA2CBB /* Linked Frameworks */,
				1058C7A2FEA54F0111CA2CBB /* Other Frameworks */,
			);
			name = Frameworks;
			sourceTree = "<group>";
		};
/* End PBXGroup section */

/* Begin PBXHeadersBuildPhase section */
		257572C3072881A4000BE9CA /* Headers */ = {
			isa = PBXHeadersBuildPhase;
			buildActionMask = 2147483647;
			files = (
			);
			runOnlyForDeploymentPostprocessing = 0;
		};
/* End PBXHeadersBuildPhase section */

/* Begin PBXNativeTarget section */
		257572C2072881A4000BE9CA /* iStream */ = {
			isa = PBXNativeTarget;
			buildConfigurationList = 4E71A80508A2C90C0034BBD9 /* Build configuration list for PBXNativeTarget "iStream" */;
			buildPhases = (
				257572C3072881A4000BE9CA /* Headers */,
				257572C4072881A4000BE9CA /* AppleScript */,
				257572C6072881A4000BE9CA /* Resources */,
				257572C9072881A4000BE9CA /* Sources */,
				257572CB072881A4000BE9CA /* Frameworks */,
			);
			buildRules = (
			);
			dependencies = (
			);
			name = iStream;
			productInstallPath = "$(HOME)/Applications";
			productName = iStream;
			productReference = 257572D6072881A4000BE9CA /* iStream.app */;
			productType = "com.apple.product-type.application";
		};
/* End PBXNativeTarget section */

/* Begin PBXProject section */
		29B97313FDCFA39411CA2CEA /* Project object */ = {
			isa = PBXProject;
			buildConfigurationList = 4E71A80908A2C90C0034BBD9 /* Build configuration list for PBXProject "iStream" */;
			compatibilityVersion = "Xcode 2.4";
			hasScannedForEncodings = 1;
			mainGroup = 29B97314FDCFA39411CA2CEA /* iStream */;
			projectDirPath = "";
			projectRoot = "";
			targets = (
				257572C2072881A4000BE9CA /* iStream */,
			);
		};
/* End PBXProject section */

/* Begin PBXResourcesBuildPhase section */
		257572C6072881A4000BE9CA /* Resources */ = {
			isa = PBXResourcesBuildPhase;
			buildActionMask = 2147483647;
			files = (
				257572C7072881A4000BE9CA /* MainMenu.nib in Resources */,
				257572C8072881A4000BE9CA /* InfoPlist.strings in Resources */,
				9D5700F30C3AEF3100BBFF31 /* ffmpeg in Resources */,
				9D7369510C40368C0027CFAC /* daisycopy.pl in Resources */,
				9D06CFA20C405C26004AF843 /* acc2mp3.pl in Resources */,
				9D06D0590C415568004AF843 /* vrstream.icns in Resources */,
				9DB705460C42C1F2007350CB /* istream.pdf in Resources */,
				9DB705A50C42C387007350CB /* istream in Resources */,
				9D6C9C950E43E4D200C88260 /* decrypt in Resources */,
				9DF355000E454B0B00896600 /* sox in Resources */,
				9DE245340E567DD700D2C7F4 /* Info.plist in Resources */,
			);
			runOnlyForDeploymentPostprocessing = 0;
		};
/* End PBXResourcesBuildPhase section */

/* Begin PBXSourcesBuildPhase section */
		257572C9072881A4000BE9CA /* Sources */ = {
			isa = PBXSourcesBuildPhase;
			buildActionMask = 2147483647;
			files = (
				257572CA072881A4000BE9CA /* main.m in Sources */,
			);
			runOnlyForDeploymentPostprocessing = 0;
		};
/* End PBXSourcesBuildPhase section */

/* Begin PBXVariantGroup section */
		089C165CFE840E0CC02AAC07 /* InfoPlist.strings */ = {
			isa = PBXVariantGroup;
			children = (
				089C165DFE840E0CC02AAC07 /* English */,
			);
			name = InfoPlist.strings;
			sourceTree = "<group>";
		};
		29B97318FDCFA39411CA2CEA /* MainMenu.nib */ = {
			isa = PBXVariantGroup;
			children = (
				29B97319FDCFA39411CA2CEA /* English */,
			);
			name = MainMenu.nib;
			sourceTree = "<group>";
		};
/* End PBXVariantGroup section */

/* Begin XCBuildConfiguration section */
		4E71A80608A2C90C0034BBD9 /* Debug */ = {
			isa = XCBuildConfiguration;
			buildSettings = {
				COPY_PHASE_STRIP = NO;
				GCC_DYNAMIC_NO_PIC = NO;
				GCC_ENABLE_FIX_AND_CONTINUE = YES;
				GCC_MODEL_TUNING = G5;
				GCC_OPTIMIZATION_LEVEL = 0;
				INFOPLIST_FILE = Info.plist;
				INSTALL_PATH = "$(HOME)/Applications";
				LIBRARY_SEARCH_PATHS = (
					"$(inherited)",
					"$(LIBRARY_SEARCH_PATHS_QUOTED_FOR_TARGET_1)",
					"$(LIBRARY_SEARCH_PATHS_QUOTED_FOR_TARGET_2)",
				);
				LIBRARY_SEARCH_PATHS_QUOTED_FOR_TARGET_1 = "\"$(SRCROOT)\"";
				LIBRARY_SEARCH_PATHS_QUOTED_FOR_TARGET_2 = "\"$(SRCROOT)\"";
				PRODUCT_NAME = iStream;
				WRAPPER_EXTENSION = app;
				ZERO_LINK = YES;
			};
			name = Debug;
		};
		4E71A80708A2C90C0034BBD9 /* Release */ = {
			isa = XCBuildConfiguration;
			buildSettings = {
				ARCHS = (
					ppc,
					i386,
				);
				GCC_GENERATE_DEBUGGING_SYMBOLS = NO;
				GCC_MODEL_TUNING = G5;
				INFOPLIST_FILE = Info.plist;
				INSTALL_PATH = "$(HOME)/Applications";
				LIBRARY_SEARCH_PATHS = (
					"$(inherited)",
					"$(LIBRARY_SEARCH_PATHS_QUOTED_FOR_TARGET_1)",
					"$(LIBRARY_SEARCH_PATHS_QUOTED_FOR_TARGET_2)",
				);
				LIBRARY_SEARCH_PATHS_QUOTED_FOR_TARGET_1 = "\"$(SRCROOT)\"";
				LIBRARY_SEARCH_PATHS_QUOTED_FOR_TARGET_2 = "\"$(SRCROOT)\"";
				OTHER_OSAFLAGS = "-x";
				PRODUCT_NAME = iStream;
				WRAPPER_EXTENSION = app;
			};
			name = Release;
		};
		4E71A80A08A2C90C0034BBD9 /* Debug */ = {
			isa = XCBuildConfiguration;
			buildSettings = {
				GCC_WARN_ABOUT_RETURN_TYPE = YES;
				GCC_WARN_UNUSED_VARIABLE = YES;
				PREBINDING = NO;
				SDKROOT = /Developer/SDKs/MacOSX10.4u.sdk;
			};
			name = Debug;
		};
		4E71A80B08A2C90C0034BBD9 /* Release */ = {
			isa = XCBuildConfiguration;
			buildSettings = {
				GCC_WARN_ABOUT_RETURN_TYPE = YES;
				GCC_WARN_UNUSED_VARIABLE = YES;
				PREBINDING = NO;
				SDKROOT = /Developer/SDKs/MacOSX10.4u.sdk;
			};
			name = Release;
		};
/* End XCBuildConfiguration section */

/* Begin XCConfigurationList section */
		4E71A80508A2C90C0034BBD9 /* Build configuration list for PBXNativeTarget "iStream" */ = {
			isa = XCConfigurationList;
			buildConfigurations = (
				4E71A80608A2C90C0034BBD9 /* Debug */,
				4E71A80708A2C90C0034BBD9 /* Release */,
			);
			defaultConfigurationIsVisible = 0;
			defaultConfigurationName = Release;
		};
		4E71A80908A2C90C0034BBD9 /* Build configuration list for PBXProject "iStream" */ = {
			isa = XCConfigurationList;
			buildConfigurations = (
				4E71A80A08A2C90C0034BBD9 /* Debug */,
				4E71A80B08A2C90C0034BBD9 /* Release */,
			);
			defaultConfigurationIsVisible = 0;
			defaultConfigurationName = Release;
		};
/* End XCConfigurationList section */
	};
	rootObject = 29B97313FDCFA39411CA2CEA /* Project object */;
}
